Microsoft Visual Studio Solution File, Format Version 12.00
# Visual Studio Version 17
VisualStudioVersion = 17.5.2.0
MinimumVisualStudioVersion = 10.0.40219.1
Project("{FAE04EC0-301F-11D3-BF4B-00C04F79EFBC}") = "ADWebApplication", "ADWebApplication\ADWebApplication.csproj", "{4FFAE8FC-A12C-8778-C0B8-09ED2E15B1E5}"
EndProject
Project("{FAE04EC0-301F-11D3-BF4B-00C04F79EFBC}") = "ADWebApplication.Tests", "ADWebApplication.Tests\ADWebApplication.Tests.csproj", "{07A2E7F1-D847-6C27-6B65-6B29147A1D65}"
EndProject
Global
	GlobalSection(SolutionConfigurationPlatforms) = preSolution
		Debug|Any CPU = Debug|Any CPU
		Release|Any CPU = Release|Any CPU
	EndGlobalSection
	GlobalSection(ProjectConfigurationPlatforms) = postSolution
		{4FFAE8FC-A12C-8778-C0B8-09ED2E15B1E5}.Debug|Any CPU.ActiveCfg = Debug|Any CPU
		{4FFAE8FC-A12C-8778-C0B8-09ED2E15B1E5}.Debug|Any CPU.Build.0 = Debug|Any CPU
		{4FFAE8FC-A12C-8778-C0B8-09ED2E15B1E5}.Release|Any CPU.ActiveCfg = Release|Any CPU
		{4FFAE8FC-A12C-8778-C0B8-09ED2E15B1E5}.Release|Any CPU.Build.0 = Release|Any CPU
		{07A2E7F1-D847-6C27-6B65-6B29147A1D65}.Debug|Any CPU.ActiveCfg = Debug|Any CPU
		{07A2E7F1-D847-6C27-6B65-6B29147A1D65}.Debug|Any CPU.Build.0 = Debug|Any CPU
		{07A2E7F1-D847-6C27-6B65-6B29147A1D65}.Release|Any CPU.ActiveCfg = Release|Any CPU
		{07A2E7F1-D847-6C27-6B65-6B29147A1D65}.Release|Any CPU.Build.0 = Release|Any CPU
	EndGlobalSection
	GlobalSection(SolutionProperties) = preSolution
		HideSolutionNode = FALSE
	EndGlobalSection
	GlobalSection(ExtensibilityGlobals) = postSolution
		SolutionGuid = {A5BB404F-7D28-4C61-93A1-EAA099EB68DB}
	EndGlobalSection
EndGlobal
